{
    "_readme": [
        "This file locks the dependencies of your project to a known state",
        "Read more about it at https://getcomposer.org/doc/01-basic-usage.md#composer-lock-the-lock-file",
        "This file is @generated automatically"
    ],
    "hash": "4d490e3e8262612f421cc73374061331",
    "content-hash": "d76c2ddb8da33ea12e7baf0f1161193c",
    "packages": [
        {
            "name": "ckeditor/ckeditor",
            "version": "4.4.7",
            "source": {
                "type": "git",
                "url": "https://github.com/ckeditor/ckeditor-releases.git",
                "reference": "cc324415302784eb1abe33a3762fbdd3b48c558b"
            },
            "dist": {
                "type": "zip",
                "url": "https://api.github.com/repos/ckeditor/ckeditor-releases/zipball/cc324415302784eb1abe33a3762fbdd3b48c558b",
                "reference": "cc324415302784eb1abe33a3762fbdd3b48c558b",
                "shasum": ""
            },
            "type": "drupal-library",
            "notification-url": "https://packagist.org/downloads/"
        },
        {
            "name": "composer/installers",
            "version": "v1.0.22",
            "source": {
                "type": "git",
                "url": "https://github.com/composer/installers.git",
                "reference": "bd9b14f094c89c8b5804a4e41edeb7853bb85046"
            },
            "dist": {
                "type": "zip",
                "url": "https://api.github.com/repos/composer/installers/zipball/bd9b14f094c89c8b5804a4e41edeb7853bb85046",
                "reference": "bd9b14f094c89c8b5804a4e41edeb7853bb85046",
                "shasum": ""
            },
            "require": {
                "composer-plugin-api": "1.0.0"
            },
            "replace": {
                "roundcube/plugin-installer": "*",
                "shama/baton": "*"
            },
            "require-dev": {
                "composer/composer": "1.0.*@dev",
                "phpunit/phpunit": "4.1.*"
            },
            "type": "composer-plugin",
            "extra": {
                "class": "Composer\\Installers\\Plugin",
                "branch-alias": {
                    "dev-master": "1.0-dev"
                }
            },
            "autoload": {
                "psr-0": {
                    "Composer\\Installers\\": "src/"
                }
            },
            "notification-url": "https://packagist.org/downloads/",
            "license": [
                "MIT"
            ],
            "authors": [
                {
                    "name": "Kyle Robinson Young",
                    "email": "kyle@dontkry.com",
                    "homepage": "https://github.com/shama"
                }
            ],
            "description": "A multi-framework Composer library installer",
            "homepage": "http://composer.github.com/installers/",
            "keywords": [
                "Craft",
                "Dolibarr",
                "Hurad",
                "MODX Evo",
                "OXID",
                "SMF",
                "Thelia",
                "WolfCMS",
                "agl",
                "aimeos",
                "annotatecms",
                "bitrix",
                "cakephp",
                "chef",
                "codeigniter",
                "concrete5",
                "croogo",
                "dokuwiki",
                "drupal",
                "elgg",
                "fuelphp",
                "grav",
                "installer",
                "joomla",
                "kohana",
                "laravel",
                "lithium",
                "magento",
                "mako",
                "mediawiki",
                "modulework",
                "moodle",
                "phpbb",
                "piwik",
                "ppi",
                "puppet",
                "roundcube",
                "shopware",
                "silverstripe",
                "symfony",
                "typo3",
                "wordpress",
                "zend",
                "zikula"
            ],
            "time": "2015-10-29 23:28:48"
        },
        {
            "name": "cweagans/composer-patches",
            "version": "1.3.0",
            "source": {
                "type": "git",
                "url": "https://github.com/cweagans/composer-patches.git",
                "reference": "1d50068f48f1a727c9baf96ae48959f3d3428a77"
            },
            "dist": {
                "type": "zip",
                "url": "https://api.github.com/repos/cweagans/composer-patches/zipball/1d50068f48f1a727c9baf96ae48959f3d3428a77",
                "reference": "1d50068f48f1a727c9baf96ae48959f3d3428a77",
                "shasum": ""
            },
            "require": {
                "composer-plugin-api": "~1.0",
                "php": ">=5.4.0"
            },
            "require-dev": {
                "composer/composer": "~1.0",
                "phpunit/phpunit": "~4.6"
            },
            "type": "composer-plugin",
            "extra": {
                "class": "cweagans\\Composer\\Patches"
            },
            "autoload": {
                "psr-4": {
                    "cweagans\\Composer\\": "src"
                }
            },
            "notification-url": "https://packagist.org/downloads/",
            "license": [
                "BSD"
            ],
            "authors": [
                {
                    "name": "Cameron Eagans",
                    "email": "me@cweagans.net"
                }
            ],
            "description": "Provides a way to patch Composer packages.",
            "time": "2015-07-09 18:27:46"
        },
        {
            "name": "davidbarratt/custom-installer",
            "version": "1.0.0-alpha2",
            "source": {
                "type": "git",
                "url": "https://github.com/davidbarratt/custom-installer.git",
                "reference": "90009113204b8b6257ead91866cc5cddc6876834"
            },
            "dist": {
                "type": "zip",
                "url": "https://api.github.com/repos/davidbarratt/custom-installer/zipball/90009113204b8b6257ead91866cc5cddc6876834",
                "reference": "90009113204b8b6257ead91866cc5cddc6876834",
                "shasum": ""
            },
            "require": {
                "composer-plugin-api": "~1.0"
            },
            "require-dev": {
                "composer/composer": "~1.0@dev",
                "phpunit/phpunit": "~4.1",
                "squizlabs/php_codesniffer": "~2.5"
            },
            "type": "composer-plugin",
            "extra": {
                "class": "DavidBarratt\\CustomInstaller\\CustomInstallerPlugin"
            },
            "autoload": {
                "psr-4": {
                    "DavidBarratt\\CustomInstaller\\": "src"
                }
            },
            "notification-url": "https://packagist.org/downloads/",
            "license": [
                "Apache-2.0"
            ],
            "description": "Install custom types into custom locations.",
            "homepage": "https://github.com/davidbarratt/custom-installer",
            "time": "2016-01-23 14:33:27"
        },
        {
            "name": "derhasi/composer-preserve-paths",
            "version": "0.1.2",
            "source": {
                "type": "git",
                "url": "https://github.com/derhasi/composer-preserve-paths.git",
                "reference": "13309cebd530c3f5e9bfa238aa496076a644540b"
            },
            "dist": {
                "type": "zip",
                "url": "https://api.github.com/repos/derhasi/composer-preserve-paths/zipball/13309cebd530c3f5e9bfa238aa496076a644540b",
                "reference": "13309cebd530c3f5e9bfa238aa496076a644540b",
                "shasum": ""
            },
            "require": {
                "composer-plugin-api": "^1.0"
            },
            "require-dev": {
                "composer/composer": "1.0.*@dev",
                "derhasi/tempdirectory": "0.1.*",
                "phpunit/phpunit": "4.4.*"
            },
            "type": "composer-plugin",
            "extra": {
                "class": "derhasi\\Composer\\Plugin"
            },
            "autoload": {
                "psr-4": {
                    "derhasi\\Composer\\": "src/"
                }
            },
            "notification-url": "https://packagist.org/downloads/",
            "license": [
                "GPL-2.0+"
            ],
            "authors": [
                {
                    "name": "Johannes Haseitl",
                    "email": "johannes@undpaul.de",
                    "homepage": "http://www.undpaul.de"
                }
            ],
            "description": "Composer plugin for preserving custom paths and supporting nested packages",
            "homepage": "https://github.com/derhasi/composer-preserve-paths",
            "keywords": [
                "composer-plugin",
                "custom path",
                "installer",
                "nested package"
            ],
            "time": "2015-06-17 18:21:27"
        },
        {
            "name": "drupal/admin_menu",
            "version": "7.3.0-rc5",
            "source": {
                "type": "git",
                "url": "https://git.drupal.org/project/admin_menu",
                "reference": "59a4fe3d4da5a80dd6abec5873a9930ccfb15c17"
            },
            "dist": {
                "type": "zip",
                "url": "https://ftp.drupal.org/files/projects/admin_menu-7.x-3.0-rc5.zip",
                "reference": null,
                "shasum": null
            },
            "require": {
                "drupal/drupal": "7.*",
                "drupal/system": ">7.10.0"
            },
            "replace": {
                "drupal/admin_devel": "self.version",
                "drupal/admin_menu_toolbar": "self.version"
            },
            "type": "drupal-module",
            "extra": {
                "branch-alias": {
                    "dev-7.x-3.x": "7.3.x-dev"
                }
            },
            "notification-url": "http://packagist.drupal-composer.org/downloads/",
            "description": "Provides a dropdown menu to most administrative tasks and other common destinations (to users with the proper permissions).",
            "homepage": "https://www.drupal.org/project/admin_menu"
        },
        {
            "name": "drupal/adminimal_theme",
            "version": "7.1.23",
            "source": {
                "type": "git",
                "url": "https://git.drupal.org/project/adminimal_theme",
                "reference": "87a981a53d418eaf1f5b03c08187be5d3504b0f9"
            },
            "dist": {
                "type": "zip",
                "url": "https://ftp.drupal.org/files/projects/adminimal_theme-7.x-1.23.zip",
                "reference": null,
                "shasum": null
            },
            "require": {
                "drupal/drupal": "7.*"
            },
            "replace": {
                "drupal/adminimal": "self.version"
            },
            "type": "drupal-theme",
            "extra": {
                "branch-alias": {
                    "dev-7.x-1.x": "7.1.x-dev"
                }
            },
            "notification-url": "http://packagist.drupal-composer.org/downloads/",
            "description": "Minimalist administration theme.",
            "homepage": "https://www.drupal.org/project/adminimal_theme"
        },
        {
            "name": "drupal/bootstrap",
            "version": "7.3.4",
            "source": {
                "type": "git",
                "url": "https://git.drupal.org/project/bootstrap",
                "reference": "0cc98e28d5c079a480993943e23adbda959463f7"
            },
            "dist": {
                "type": "zip",
                "url": "https://ftp.drupal.org/files/projects/bootstrap-7.x-3.4.zip",
                "reference": null,
                "shasum": null
            },
            "require": {
                "drupal/drupal": "7.*"
            },
            "type": "drupal-theme",
            "extra": {
                "branch-alias": {
                    "dev-7.x-3.x": "7.3.x-dev"
                }
            },
            "notification-url": "http://packagist.drupal-composer.org/downloads/",
            "description": "Built to use Bootstrap, a sleek, intuitive, and powerful front-end framework for faster and easier web development.",
            "homepage": "https://www.drupal.org/project/bootstrap"
        },
        {
            "name": "drupal/ckeditor",
            "version": "7.1.17",
            "source": {
                "type": "git",
                "url": "https://git.drupal.org/project/ckeditor",
                "reference": "2c5caca8a0188f93eae437faa70c57a735820482"
            },
            "dist": {
                "type": "zip",
                "url": "https://ftp.drupal.org/files/projects/ckeditor-7.x-1.17.zip",
                "reference": null,
                "shasum": null
            },
            "require": {
                "drupal/drupal": "7.*"
            },
            "type": "drupal-module",
            "extra": {
                "branch-alias": {
                    "dev-7.x-1.x": "7.1.x-dev"
                }
            },
            "notification-url": "http://packagist.drupal-composer.org/downloads/",
            "description": "Enables CKEditor (WYSIWYG HTML editor) for use instead of plain text fields.",
            "homepage": "https://www.drupal.org/project/ckeditor"
        },
        {
            "name": "drupal/conditional_fields",
            "version": "7.3.0-alpha2",
            "source": {
                "type": "git",
                "url": "https://git.drupal.org/project/conditional_fields",
                "reference": "12ab0cb0e0660278b2a9e330aae2f13b97c8459e"
            },
            "dist": {
                "type": "zip",
                "url": "https://ftp.drupal.org/files/projects/conditional_fields-7.x-3.0-alpha2.zip",
                "reference": null,
                "shasum": null
            },
            "require": {
                "drupal/drupal": "7.*",
                "drupal/field": "7.*",
                "drupal/system": ">=7.14.0"
            },
            "type": "drupal-module",
            "extra": {
                "branch-alias": {
                    "dev-7.x-3.x": "7.3.x-dev"
                }
            },
            "notification-url": "http://packagist.drupal-composer.org/downloads/",
            "description": "Define dependencies between fields based on their states and values.",
            "homepage": "https://www.drupal.org/project/conditional_fields"
        },
        {
            "name": "drupal/ctools",
            "version": "7.1.9",
            "source": {
                "type": "git",
                "url": "https://git.drupal.org/project/ctools",
                "reference": "1bf2f388cd7371ae16639349ae3b344732faafae"
            },
            "dist": {
                "type": "zip",
                "url": "https://ftp.drupal.org/files/projects/ctools-7.x-1.9.zip",
                "reference": null,
                "shasum": null
            },
            "require": {
                "drupal/drupal": "7.*"
            },
            "replace": {
                "drupal/bulk_export": "self.version",
                "drupal/ctools_access_ruleset": "self.version",
                "drupal/ctools_ajax_sample": "self.version",
                "drupal/ctools_custom_content": "self.version",
                "drupal/ctools_plugin_example": "self.version",
                "drupal/page_manager": "self.version",
                "drupal/stylizer": "self.version",
                "drupal/term_depth": "self.version",
                "drupal/views_content": "self.version"
            },
            "suggest": {
                "drupal/advanced_help": "Required by drupal/ctools_plugin_example",
                "drupal/color": "Required by drupal/stylizer",
                "drupal/page_manager": "Required by drupal/ctools_plugin_example",
                "drupal/panels": "Required by drupal/ctools_plugin_example",
                "drupal/views": "Required by drupal/views_content"
            },
            "type": "drupal-module",
            "extra": {
                "branch-alias": {
                    "dev-7.x-1.x": "7.1.x-dev"
                }
            },
            "notification-url": "http://packagist.drupal-composer.org/downloads/",
            "description": "A library of helpful tools by Merlin of Chaos.",
            "homepage": "https://www.drupal.org/project/ctools"
        },
        {
            "name": "drupal/devel",
            "version": "7.1.5",
            "source": {
                "type": "git",
                "url": "https://git.drupal.org/project/devel",
                "reference": "becb6ca3ced27872b941b30ca308da03a209425a"
            },
            "dist": {
                "type": "zip",
                "url": "https://ftp.drupal.org/files/projects/devel-7.x-1.5.zip",
                "reference": null,
                "shasum": null
            },
            "require": {
                "drupal/drupal": "7.*"
            },
            "replace": {
                "drupal/devel_generate": "self.version",
                "drupal/devel_node_access": "self.version"
            },
            "suggest": {
                "drupal/menu": "Required by drupal/devel_node_access"
            },
            "type": "drupal-module",
            "extra": {
                "branch-alias": {
                    "dev-7.x-1.x": "7.1.x-dev"
                }
            },
            "notification-url": "http://packagist.drupal-composer.org/downloads/",
            "description": "Various blocks, pages, and functions for developers.",
            "homepage": "https://www.drupal.org/project/devel"
        },
        {
            "name": "drupal/diff",
            "version": "7.3.2",
            "source": {
                "type": "git",
                "url": "https://git.drupal.org/project/diff",
                "reference": "adb43040a4e8f950ae604b7d3698f493075cb04f"
            },
            "dist": {
                "type": "zip",
                "url": "https://ftp.drupal.org/files/projects/diff-7.x-3.2.zip",
                "reference": null,
                "shasum": null
            },
            "require": {
                "drupal/drupal": "7.*"
            },
            "type": "drupal-module",
            "extra": {
                "branch-alias": {
                    "dev-7.x-3.x": "7.3.x-dev"
                }
            },
            "notification-url": "http://packagist.drupal-composer.org/downloads/",
            "description": "Show differences between content revisions.",
            "homepage": "https://www.drupal.org/project/diff"
        },
        {
            "name": "drupal/double_field",
            "version": "7.2.4",
            "source": {
                "type": "git",
                "url": "https://git.drupal.org/project/double_field",
                "reference": "eee40050d75522e4df1f58cda1b683eacbd3635c"
            },
            "dist": {
                "type": "zip",
                "url": "https://ftp.drupal.org/files/projects/double_field-7.x-2.4.zip",
                "reference": null,
                "shasum": null
            },
            "require": {
                "drupal/drupal": "7.*"
            },
            "type": "drupal-module",
            "extra": {
                "branch-alias": {
                    "dev-7.x-2.x": "7.2.x-dev"
                }
            },
            "notification-url": "http://packagist.drupal-composer.org/downloads/",
            "description": "Provides a field type with two separate subfields",
            "homepage": "https://www.drupal.org/project/double_field"
        },
        {
            "name": "drupal/drupal",
            "version": "7.41.0",
            "source": {
                "type": "git",
                "url": "https://git.drupal.org/project/drupal",
                "reference": "69af622114261c1c13cf3c9b5ccc418cd036594b"
            },
            "dist": {
                "type": "zip",
                "url": "https://ftp.drupal.org/files/projects/drupal-7.41.zip",
                "reference": null,
                "shasum": null
            },
            "replace": {
                "drupal/aggregator": "self.version",
                "drupal/bartik": "self.version",
                "drupal/block": "self.version",
                "drupal/blog": "self.version",
                "drupal/book": "self.version",
                "drupal/color": "self.version",
                "drupal/comment": "self.version",
                "drupal/contact": "self.version",
                "drupal/contextual": "self.version",
                "drupal/dashboard": "self.version",
                "drupal/dblog": "self.version",
                "drupal/field": "self.version",
                "drupal/field_sql_storage": "self.version",
                "drupal/field_ui": "self.version",
                "drupal/file": "self.version",
                "drupal/filter": "self.version",
                "drupal/forum": "self.version",
                "drupal/garland": "self.version",
                "drupal/help": "self.version",
                "drupal/image": "self.version",
                "drupal/list": "self.version",
                "drupal/locale": "self.version",
                "drupal/menu": "self.version",
                "drupal/minimal": "self.version",
                "drupal/node": "self.version",
                "drupal/number": "self.version",
                "drupal/openid": "self.version",
                "drupal/options": "self.version",
                "drupal/overlay": "self.version",
                "drupal/path": "self.version",
                "drupal/php": "self.version",
                "drupal/poll": "self.version",
                "drupal/profile": "self.version",
                "drupal/rdf": "self.version",
                "drupal/search": "self.version",
                "drupal/seven": "self.version",
                "drupal/shortcut": "self.version",
                "drupal/standard": "self.version",
                "drupal/stark": "self.version",
                "drupal/statistics": "self.version",
                "drupal/syslog": "self.version",
                "drupal/system": "self.version",
                "drupal/taxonomy": "self.version",
                "drupal/text": "self.version",
                "drupal/toolbar": "self.version",
                "drupal/tracker": "self.version",
                "drupal/translation": "self.version",
                "drupal/trigger": "self.version",
                "drupal/update": "self.version",
                "drupal/user": "self.version"
            },
            "suggest": {
                "drupal/block": "Required by drupal/dashboard, drupal/minimal, drupal/standard",
                "drupal/color": "Required by drupal/standard",
                "drupal/comment": "Required by drupal/forum, drupal/tracker, drupal/standard",
                "drupal/contextual": "Required by drupal/standard",
                "drupal/dashboard": "Required by drupal/standard",
                "drupal/dblog": "Required by drupal/minimal, drupal/standard",
                "drupal/field": "Required by drupal/field_sql_storage, drupal/list, drupal/number, drupal/options, drupal/text, drupal/field_ui, drupal/file",
                "drupal/field_sql_storage": "Required by drupal/field",
                "drupal/field_ui": "Required by drupal/standard",
                "drupal/file": "Required by drupal/image, drupal/standard",
                "drupal/help": "Required by drupal/standard",
                "drupal/image": "Required by drupal/standard",
                "drupal/list": "Required by drupal/standard",
                "drupal/locale": "Required by drupal/translation",
                "drupal/menu": "Required by drupal/standard",
                "drupal/number": "Required by drupal/standard",
                "drupal/options": "Required by drupal/list, drupal/taxonomy, drupal/standard",
                "drupal/overlay": "Required by drupal/standard",
                "drupal/path": "Required by drupal/standard",
                "drupal/rdf": "Required by drupal/standard",
                "drupal/search": "Required by drupal/standard",
                "drupal/shortcut": "Required by drupal/standard",
                "drupal/taxonomy": "Required by drupal/forum, drupal/standard",
                "drupal/text": "Required by drupal/comment",
                "drupal/toolbar": "Required by drupal/standard"
            },
            "type": "drupal-core",
            "extra": {
                "branch-alias": {
                    "dev-7.x-": "7.x-dev"
                }
            },
            "notification-url": "http://packagist.drupal-composer.org/downloads/",
            "description": "Handles general site configuration for administrators.",
            "homepage": "https://www.drupal.org/project/drupal"
        },
        {
            "name": "drupal/entity",
            "version": "7.1.6",
            "source": {
                "type": "git",
                "url": "https://git.drupal.org/project/entity",
                "reference": "724e7193419da3b7d3ca165025256371dd74eb4f"
            },
            "dist": {
                "type": "zip",
                "url": "https://ftp.drupal.org/files/projects/entity-7.x-1.6.zip",
                "reference": null,
                "shasum": null
            },
            "require": {
                "drupal/drupal": "7.*"
            },
            "replace": {
                "drupal/entity_token": "self.version"
            },
            "type": "drupal-module",
            "extra": {
                "branch-alias": {
                    "dev-7.x-1.x": "7.1.x-dev"
                }
            },
            "notification-url": "http://packagist.drupal-composer.org/downloads/",
            "description": "Enables modules to work with any entity type and to provide entities.",
            "homepage": "https://www.drupal.org/project/entity"
        },
        {
            "name": "drupal/entityreference",
            "version": "7.1.1",
            "source": {
                "type": "git",
                "url": "https://git.drupal.org/project/entityreference",
                "reference": "92747d9391443fb653a0044d9926e04402293f9a"
            },
            "dist": {
                "type": "zip",
                "url": "https://ftp.drupal.org/files/projects/entityreference-7.x-1.1.zip",
                "reference": null,
                "shasum": null
            },
            "require": {
                "drupal/ctools": "7.*",
                "drupal/drupal": "7.*",
                "drupal/entity": "7.*"
            },
            "replace": {
                "drupal/entityreference_behavior_example": "self.version"
            },
            "type": "drupal-module",
            "extra": {
                "branch-alias": {
                    "dev-7.x-1.x": "7.1.x-dev"
                }
            },
            "notification-url": "http://packagist.drupal-composer.org/downloads/",
            "description": "Provides a field that can reference other entities.",
            "homepage": "https://www.drupal.org/project/entityreference"
        },
        {
            "name": "drupal/environment_indicator",
            "version": "7.2.8",
            "source": {
                "type": "git",
                "url": "https://git.drupal.org/project/environment_indicator",
                "reference": "e10ef5e0a940fd811b3dd869f7e8b58985e8e459"
            },
            "dist": {
                "type": "zip",
                "url": "https://ftp.drupal.org/files/projects/environment_indicator-7.x-2.8.zip",
                "reference": null,
                "shasum": null
            },
            "require": {
                "drupal/ctools": "7.*",
                "drupal/drupal": "7.*"
            },
            "replace": {
                "drupal/environment_indicator_variable": "self.version"
            },
            "suggest": {
                "drupal/variable_realm": "Required by drupal/environment_indicator_variable",
                "drupal/variable_store": "Required by drupal/environment_indicator_variable"
            },
            "type": "drupal-module",
            "extra": {
                "branch-alias": {
                    "dev-7.x-2.x": "7.2.x-dev"
                }
            },
            "notification-url": "http://packagist.drupal-composer.org/downloads/",
            "description": "Adds a color indicator for the different environments.",
            "homepage": "https://www.drupal.org/project/environment_indicator"
        },
        {
            "name": "drupal/features",
            "version": "7.2.7",
            "source": {
                "type": "git",
                "url": "https://git.drupal.org/project/features",
                "reference": "a8b9dc5aa67b95fc3e95bb91ed0647baf66c1402"
            },
            "dist": {
                "type": "zip",
                "url": "https://ftp.drupal.org/files/projects/features-7.x-2.7.zip",
                "reference": null,
                "shasum": null
            },
            "require": {
                "drupal/drupal": "7.*"
            },
            "type": "drupal-module",
            "extra": {
                "branch-alias": {
                    "dev-7.x-2.x": "7.2.x-dev"
                }
            },
            "notification-url": "http://packagist.drupal-composer.org/downloads/",
            "description": "Provides feature management for Drupal.",
            "homepage": "https://www.drupal.org/project/features"
        },
        {
            "name": "drupal/field_group",
            "version": "7.1.5",
            "source": {
                "type": "git",
                "url": "https://git.drupal.org/project/field_group",
                "reference": "1726c5191a7a7aef173e3a67ba46c3be9e470953"
            },
            "dist": {
                "type": "zip",
                "url": "https://ftp.drupal.org/files/projects/field_group-7.x-1.5.zip",
                "reference": null,
                "shasum": null
            },
            "require": {
                "drupal/ctools": "7.*",
                "drupal/drupal": "7.*",
                "drupal/field": "7.*"
            },
            "type": "drupal-module",
            "extra": {
                "branch-alias": {
                    "dev-7.x-1.x": "7.1.x-dev"
                }
            },
            "notification-url": "http://packagist.drupal-composer.org/downloads/",
            "description": "Provides the ability to group your fields on both form and display.",
            "homepage": "https://www.drupal.org/project/field_group"
        },
        {
            "name": "drupal/fpa",
            "version": "7.2.6",
            "source": {
                "type": "git",
                "url": "https://git.drupal.org/project/fpa",
                "reference": "0ba7fc061afd665017a29d3fe87e5e93846abb87"
            },
            "dist": {
                "type": "zip",
                "url": "https://ftp.drupal.org/files/projects/fpa-7.x-2.6.zip",
                "reference": null,
                "shasum": null
            },
            "require": {
                "drupal/drupal": "7.*"
            },
            "type": "drupal-module",
            "extra": {
                "branch-alias": {
                    "dev-7.x-2.x": "7.2.x-dev"
                }
            },
            "notification-url": "http://packagist.drupal-composer.org/downloads/",
            "description": "Fast filtering on permissions administration form.",
            "homepage": "https://www.drupal.org/project/fpa"
        },
        {
            "name": "drupal/ftools",
            "version": "7.1.6",
            "source": {
                "type": "git",
                "url": "https://git.drupal.org/project/ftools",
                "reference": "3f1149a6a3e1500fc9b59e4c5a121f7267d84c07"
            },
            "dist": {
                "type": "zip",
                "url": "https://ftp.drupal.org/files/projects/ftools-7.x-1.6.zip",
                "reference": null,
                "shasum": null
            },
            "require": {
                "drupal/drupal": "7.*",
                "drupal/features": "7.*"
            },
            "type": "drupal-module",
            "extra": {
                "branch-alias": {
                    "dev-7.x-1.x": "7.1.x-dev"
                }
            },
            "notification-url": "http://packagist.drupal-composer.org/downloads/",
            "description": "Provides feature management auto download button.",
            "homepage": "https://www.drupal.org/project/ftools"
        },
        {
            "name": "drupal/libraries",
            "version": "7.2.2",
            "source": {
                "type": "git",
                "url": "https://git.drupal.org/project/libraries",
                "reference": "744cd04d1c78a08d10b511f67904f0839baf94ec"
            },
            "dist": {
                "type": "zip",
                "url": "https://ftp.drupal.org/files/projects/libraries-7.x-2.2.zip",
                "reference": null,
                "shasum": null
            },
            "require": {
                "drupal/drupal": "7.*",
                "drupal/system": ">=7.11.0"
            },
            "type": "drupal-module",
            "extra": {
                "branch-alias": {
                    "dev-7.x-2.x": "7.2.x-dev"
                }
            },
            "notification-url": "http://packagist.drupal-composer.org/downloads/",
            "description": "Allows version-dependent and shared usage of external libraries.",
            "homepage": "https://www.drupal.org/project/libraries"
        },
        {
            "name": "drupal/master",
            "version": "7.2.0-beta4",
            "source": {
                "type": "git",
                "url": "https://git.drupal.org/project/master",
                "reference": "5f1b43ad6755b990519af37c5213dcf050bd9284"
            },
            "dist": {
                "type": "zip",
                "url": "https://ftp.drupal.org/files/projects/master-7.x-2.0-beta4.zip",
                "reference": null,
                "shasum": null
            },
            "require": {
                "drupal/drupal": "7.*"
            },
            "type": "drupal-module",
            "extra": {
                "branch-alias": {
                    "dev-7.x-2.x": "7.2.x-dev"
                }
            },
            "notification-url": "http://packagist.drupal-composer.org/downloads/",
            "description": "Master control to provide (drush) utilities for setting dependent and disabling unecessary modules and reverting features for a site configuration.",
            "homepage": "https://www.drupal.org/project/master"
        },
        {
            "name": "drupal/module_filter",
            "version": "7.2.0",
            "source": {
                "type": "git",
                "url": "https://git.drupal.org/project/module_filter",
                "reference": "667c3ad945080427a91137dbc9a9666cffbc2415"
            },
            "dist": {
                "type": "zip",
                "url": "https://ftp.drupal.org/files/projects/module_filter-7.x-2.0.zip",
                "reference": null,
                "shasum": null
            },
            "require": {
                "drupal/drupal": "7.*"
            },
            "type": "drupal-module",
            "extra": {
                "branch-alias": {
                    "dev-7.x-2.x": "7.2.x-dev"
                }
            },
            "notification-url": "http://packagist.drupal-composer.org/downloads/",
            "description": "Filter the modules list.",
            "homepage": "https://www.drupal.org/project/module_filter"
        },
        {
            "name": "drupal/panels",
            "version": "7.3.5",
            "source": {
                "type": "git",
                "url": "https://git.drupal.org/project/panels",
                "reference": "26c478e62e0177245aeab8d49448400d2eb688cd"
            },
            "dist": {
                "type": "zip",
                "url": "https://ftp.drupal.org/files/projects/panels-7.x-3.5.zip",
                "reference": null,
                "shasum": null
            },
            "require": {
                "drupal/ctools": ">7.1.5",
                "drupal/drupal": "7.*"
            },
            "replace": {
                "drupal/i18n_panels": "self.version",
                "drupal/panels_ipe": "self.version",
                "drupal/panels_mini": "self.version",
                "drupal/panels_node": "self.version"
            },
            "suggest": {
                "drupal/i18n": "Required by drupal/i18n_panels",
                "drupal/i18n_string": "Required by drupal/i18n_panels",
                "drupal/i18n_translation": "Required by drupal/i18n_panels"
            },
            "type": "drupal-module",
            "extra": {
                "branch-alias": {
                    "dev-7.x-3.x": "7.3.x-dev"
                }
            },
            "notification-url": "http://packagist.drupal-composer.org/downloads/",
            "description": "Core Panels display functions; provides no external UI, at least one other Panels module should be enabled.",
            "homepage": "https://www.drupal.org/project/panels"
        },
        {
            "name": "drupal/strongarm",
            "version": "7.2.0",
            "source": {
                "type": "git",
                "url": "https://git.drupal.org/project/strongarm",
                "reference": "895016eb5b99b9dc3e704f1b56e58808eedce30a"
            },
            "dist": {
                "type": "zip",
                "url": "https://ftp.drupal.org/files/projects/strongarm-7.x-2.0.zip",
                "reference": null,
                "shasum": null
            },
            "require": {
                "drupal/ctools": "7.*",
                "drupal/drupal": "7.*"
            },
            "type": "drupal-module",
            "extra": {
                "branch-alias": {
                    "dev-7.x-2.x": "7.2.x-dev"
                }
            },
            "notification-url": "http://packagist.drupal-composer.org/downloads/",
            "description": "Enforces variable values defined by modules that need settings set to operate properly.",
            "homepage": "https://www.drupal.org/project/strongarm"
        },
        {
            "name": "drupal/term_reference_tree",
            "version": "7.1.10",
            "source": {
                "type": "git",
                "url": "https://git.drupal.org/project/term_reference_tree",
                "reference": "cbf30baca5c2a522779de8b66168f6a431189b3b"
            },
            "dist": {
                "type": "zip",
                "url": "https://ftp.drupal.org/files/projects/term_reference_tree-7.x-1.10.zip",
                "reference": null,
                "shasum": null
            },
            "require": {
                "drupal/drupal": "7.*",
                "drupal/taxonomy": "7.*"
            },
            "type": "drupal-module",
            "extra": {
                "branch-alias": {
                    "dev-7.x-1.x": "7.1.x-dev"
                }
            },
            "notification-url": "http://packagist.drupal-composer.org/downloads/",
            "description": "An expanding/collapsing tree widget for selecting terms in a taxonomy term reference field.",
            "homepage": "https://www.drupal.org/project/term_reference_tree"
        },
        {
            "name": "drupal/views",
            "version": "7.3.13",
            "source": {
                "type": "git",
                "url": "https://git.drupal.org/project/views",
                "reference": "5c2bfc9638e3e78023d1efb754b79d4ac994d0c6"
            },
            "dist": {
                "type": "zip",
                "url": "https://ftp.drupal.org/files/projects/views-7.x-3.13.zip",
                "reference": null,
                "shasum": null
            },
            "require": {
                "drupal/ctools": "7.*",
                "drupal/drupal": "7.*"
            },
            "replace": {
                "drupal/views_ui": "self.version"
            },
            "type": "drupal-module",
            "extra": {
                "branch-alias": {
                    "dev-7.x-3.x": "7.3.x-dev"
                }
            },
            "notification-url": "http://packagist.drupal-composer.org/downloads/",
            "description": "Create customized lists and queries from your database.",
            "homepage": "https://www.drupal.org/project/views"
        }
    ],
    "packages-dev": [],
    "aliases": [],
    "minimum-stability": "stable",
    "stability-flags": {
        "davidbarratt/custom-installer": 15,
        "drupal/admin_menu": 5,
        "drupal/master": 10,
        "drupal/conditional_fields": 15
    },
    "prefer-stable": false,
    "prefer-lowest": false,
    "platform": [],
    "platform-dev": []
}
